
Microsoft Visual Studio Solution File, Format Version 12.00
# Visual Studio 2012
Project("{FAE04EC0-301F-11D3-BF4B-00C04F79EFBC}") = "R04522602許泰源Ass03", "R04522602許泰源Ass03\R04522602許泰源Ass03.csproj", "{866673C3-2493-493F-95F4-C16553BFDCDB}"
EndProject
Global
	GlobalSection(SolutionConfigurationPlatforms) = preSolution
		Debug|Any CPU = Debug|Any CPU
		Release|Any CPU = Release|Any CPU
	EndGlobalSection
	GlobalSection(ProjectConfigurationPlatforms) = postSolution
		{866673C3-2493-493F-95F4-C16553BFDCDB}.Debug|Any CPU.ActiveCfg = Debug|Any CPU
		{866673C3-2493-493F-95F4-C16553BFDCDB}.Debug|Any CPU.Build.0 = Debug|Any CPU
		{866673C3-2493-493F-95F4-C16553BFDCDB}.Release|Any CPU.ActiveCfg = Release|Any CPU
		{866673C3-2493-493F-95F4-C16553BFDCDB}.Release|Any CPU.Build.0 = Release|Any CPU
	EndGlobalSection
	GlobalSection(SolutionProperties) = preSolution
		HideSolutionNode = FALSE
	EndGlobalSection
EndGlobal
